
Microsoft Visual Studio Solution File, Format Version 12.00
# Visual Studio 15
VisualStudioVersion = 15.0.27004.2005
MinimumVisualStudioVersion = 10.0.40219.1
Project("{FAE04EC0-301F-11D3-BF4B-00C04F79EFBC}") = "CoolBBS", "CoolBBS\CoolBBS.csproj", "{80D62AEB-33F5-43ED-BEB4-5F32E01AB56C}"
EndProject
Project("{FAE04EC0-301F-11D3-BF4B-00C04F79EFBC}") = "Model", "Model\Model.csproj", "{488822B1-94F2-4584-9D62-F81A1C1BD886}"
EndProject
Project("{FAE04EC0-301F-11D3-BF4B-00C04F79EFBC}") = "DAL", "DAL\DAL.csproj", "{972AEC75-D311-4044-9A51-408451121DC4}"
EndProject
Project("{FAE04EC0-301F-11D3-BF4B-00C04F79EFBC}") = "BLL", "BLL\BLL.csproj", "{EE2BA80B-D2F2-4F49-A40B-E0978EAFA494}"
EndProject
Global
	GlobalSection(SolutionConfigurationPlatforms) = preSolution
		Debug|Any CPU = Debug|Any CPU
		Release|Any CPU = Release|Any CPU
	EndGlobalSection
	GlobalSection(ProjectConfigurationPlatforms) = postSolution
		{80D62AEB-33F5-43ED-BEB4-5F32E01AB56C}.Debug|Any CPU.ActiveCfg = Debug|Any CPU
		{80D62AEB-33F5-43ED-BEB4-5F32E01AB56C}.Debug|Any CPU.Build.0 = Debug|Any CPU
		{80D62AEB-33F5-43ED-BEB4-5F32E01AB56C}.Release|Any CPU.ActiveCfg = Release|Any CPU
		{80D62AEB-33F5-43ED-BEB4-5F32E01AB56C}.Release|Any CPU.Build.0 = Release|Any CPU
		{488822B1-94F2-4584-9D62-F81A1C1BD886}.Debug|Any CPU.ActiveCfg = Debug|Any CPU
		{488822B1-94F2-4584-9D62-F81A1C1BD886}.Debug|Any CPU.Build.0 = Debug|Any CPU
		{488822B1-94F2-4584-9D62-F81A1C1BD886}.Release|Any CPU.ActiveCfg = Release|Any CPU
		{488822B1-94F2-4584-9D62-F81A1C1BD886}.Release|Any CPU.Build.0 = Release|Any CPU
		{972AEC75-D311-4044-9A51-408451121DC4}.Debug|Any CPU.ActiveCfg = Debug|Any CPU
		{972AEC75-D311-4044-9A51-408451121DC4}.Debug|Any CPU.Build.0 = Debug|Any CPU
		{972AEC75-D311-4044-9A51-408451121DC4}.Release|Any CPU.ActiveCfg = Release|Any CPU
		{972AEC75-D311-4044-9A51-408451121DC4}.Release|Any CPU.Build.0 = Release|Any CPU
		{EE2BA80B-D2F2-4F49-A40B-E0978EAFA494}.Debug|Any CPU.ActiveCfg = Debug|Any CPU
		{EE2BA80B-D2F2-4F49-A40B-E0978EAFA494}.Debug|Any CPU.Build.0 = Debug|Any CPU
		{EE2BA80B-D2F2-4F49-A40B-E0978EAFA494}.Release|Any CPU.ActiveCfg = Release|Any CPU
		{EE2BA80B-D2F2-4F49-A40B-E0978EAFA494}.Release|Any CPU.Build.0 = Release|Any CPU
	EndGlobalSection
	GlobalSection(SolutionProperties) = preSolution
		HideSolutionNode = FALSE
	EndGlobalSection
	GlobalSection(ExtensibilityGlobals) = postSolution
		SolutionGuid = {11EFAF14-DAF7-41FE-9E82-1EF3AFAAF8F6}
	EndGlobalSection
EndGlobal
